
Microsoft Visual Studio Solution File, Format Version 12.00
# Visual Studio Version 17
VisualStudioVersion = 17.10.35027.167
MinimumVisualStudioVersion = 10.0.40219.1
Project("{FAE04EC0-301F-11D3-BF4B-00C04F79EFBC}") = "DbApp", "DbApp.csproj", "{0D63577A-98F3-4EB3-A308-E3CA4A6126DC}"
EndProject
Global
	GlobalSection(SolutionConfigurationPlatforms) = preSolution
		Debug|Any CPU = Debug|Any CPU
		Release|Any CPU = Release|Any CPU
	EndGlobalSection
	GlobalSection(ProjectConfigurationPlatforms) = postSolution
		{0D63577A-98F3-4EB3-A308-E3CA4A6126DC}.Debug|Any CPU.ActiveCfg = Debug|Any CPU
		{0D63577A-98F3-4EB3-A308-E3CA4A6126DC}.Debug|Any CPU.Build.0 = Debug|Any CPU
		{0D63577A-98F3-4EB3-A308-E3CA4A6126DC}.Release|Any CPU.ActiveCfg = Release|Any CPU
		{0D63577A-98F3-4EB3-A308-E3CA4A6126DC}.Release|Any CPU.Build.0 = Release|Any CPU
	EndGlobalSection
	GlobalSection(SolutionProperties) = preSolution
		HideSolutionNode = FALSE
	EndGlobalSection
	GlobalSection(ExtensibilityGlobals) = postSolution
		SolutionGuid = {D13AA927-6583-4FA1-82A8-85E1291A3DF2}
	EndGlobalSection
EndGlobal
