
Microsoft Visual Studio Solution File, Format Version 12.00
# Visual Studio Version 17
VisualStudioVersion = 17.10.35027.167
MinimumVisualStudioVersion = 10.0.40219.1
Project("{FAE04EC0-301F-11D3-BF4B-00C04F79EFBC}") = "Example1", "Example1.csproj", "{03D103C9-B1E8-4085-A05D-279B57914851}"
EndProject
Global
	GlobalSection(SolutionConfigurationPlatforms) = preSolution
		Debug|Any CPU = Debug|Any CPU
		Release|Any CPU = Release|Any CPU
	EndGlobalSection
	GlobalSection(ProjectConfigurationPlatforms) = postSolution
		{03D103C9-B1E8-4085-A05D-279B57914851}.Debug|Any CPU.ActiveCfg = Debug|Any CPU
		{03D103C9-B1E8-4085-A05D-279B57914851}.Debug|Any CPU.Build.0 = Debug|Any CPU
		{03D103C9-B1E8-4085-A05D-279B57914851}.Release|Any CPU.ActiveCfg = Release|Any CPU
		{03D103C9-B1E8-4085-A05D-279B57914851}.Release|Any CPU.Build.0 = Release|Any CPU
	EndGlobalSection
	GlobalSection(SolutionProperties) = preSolution
		HideSolutionNode = FALSE
	EndGlobalSection
	GlobalSection(ExtensibilityGlobals) = postSolution
		SolutionGuid = {53B4AD40-3F9F-4473-9445-62917D2CD485}
	EndGlobalSection
EndGlobal
