
Microsoft Visual Studio Solution File, Format Version 12.00
# Visual Studio Version 17
VisualStudioVersion = 17.10.35027.167
MinimumVisualStudioVersion = 10.0.40219.1
Project("{FAE04EC0-301F-11D3-BF4B-00C04F79EFBC}") = "TestApp", "TestApp\TestApp.csproj", "{AF973A85-1997-4667-8AAA-528300C1091A}"
EndProject
Global
	GlobalSection(SolutionConfigurationPlatforms) = preSolution
		Debug|Any CPU = Debug|Any CPU
		Release|Any CPU = Release|Any CPU
	EndGlobalSection
	GlobalSection(ProjectConfigurationPlatforms) = postSolution
		{AF973A85-1997-4667-8AAA-528300C1091A}.Debug|Any CPU.ActiveCfg = Debug|Any CPU
		{AF973A85-1997-4667-8AAA-528300C1091A}.Debug|Any CPU.Build.0 = Debug|Any CPU
		{AF973A85-1997-4667-8AAA-528300C1091A}.Release|Any CPU.ActiveCfg = Release|Any CPU
		{AF973A85-1997-4667-8AAA-528300C1091A}.Release|Any CPU.Build.0 = Release|Any CPU
	EndGlobalSection
	GlobalSection(SolutionProperties) = preSolution
		HideSolutionNode = FALSE
	EndGlobalSection
	GlobalSection(ExtensibilityGlobals) = postSolution
		SolutionGuid = {4821CD3E-8D39-412C-BD74-0135B47577E8}
	EndGlobalSection
EndGlobal
