
Microsoft Visual Studio Solution File, Format Version 12.00
# Visual Studio Version 17
VisualStudioVersion = 17.10.35027.167
MinimumVisualStudioVersion = 10.0.40219.1
Project("{FAE04EC0-301F-11D3-BF4B-00C04F79EFBC}") = "WebAPIMS", "WebAPIMS.csproj", "{713E3E24-97AF-4DBE-8E0D-0B7C8F7FB601}"
EndProject
Global
	GlobalSection(SolutionConfigurationPlatforms) = preSolution
		Debug|Any CPU = Debug|Any CPU
		Release|Any CPU = Release|Any CPU
	EndGlobalSection
	GlobalSection(ProjectConfigurationPlatforms) = postSolution
		{713E3E24-97AF-4DBE-8E0D-0B7C8F7FB601}.Debug|Any CPU.ActiveCfg = Debug|Any CPU
		{713E3E24-97AF-4DBE-8E0D-0B7C8F7FB601}.Debug|Any CPU.Build.0 = Debug|Any CPU
		{713E3E24-97AF-4DBE-8E0D-0B7C8F7FB601}.Release|Any CPU.ActiveCfg = Release|Any CPU
		{713E3E24-97AF-4DBE-8E0D-0B7C8F7FB601}.Release|Any CPU.Build.0 = Release|Any CPU
	EndGlobalSection
	GlobalSection(SolutionProperties) = preSolution
		HideSolutionNode = FALSE
	EndGlobalSection
	GlobalSection(ExtensibilityGlobals) = postSolution
		SolutionGuid = {4684626C-DBBB-4DF7-A8DD-29E60DBDE532}
	EndGlobalSection
EndGlobal
