
Microsoft Visual Studio Solution File, Format Version 12.00
# Visual Studio Version 17
VisualStudioVersion = 17.10.35027.167
MinimumVisualStudioVersion = 10.0.40219.1
Project("{FAE04EC0-301F-11D3-BF4B-00C04F79EFBC}") = "TerminalApp", "TerminalApp.csproj", "{26EC7F6D-7EB2-47D9-8970-449DD070B769}"
EndProject
Global
	GlobalSection(SolutionConfigurationPlatforms) = preSolution
		Debug|Any CPU = Debug|Any CPU
		Release|Any CPU = Release|Any CPU
	EndGlobalSection
	GlobalSection(ProjectConfigurationPlatforms) = postSolution
		{26EC7F6D-7EB2-47D9-8970-449DD070B769}.Debug|Any CPU.ActiveCfg = Debug|Any CPU
		{26EC7F6D-7EB2-47D9-8970-449DD070B769}.Debug|Any CPU.Build.0 = Debug|Any CPU
		{26EC7F6D-7EB2-47D9-8970-449DD070B769}.Release|Any CPU.ActiveCfg = Release|Any CPU
		{26EC7F6D-7EB2-47D9-8970-449DD070B769}.Release|Any CPU.Build.0 = Release|Any CPU
	EndGlobalSection
	GlobalSection(SolutionProperties) = preSolution
		HideSolutionNode = FALSE
	EndGlobalSection
	GlobalSection(ExtensibilityGlobals) = postSolution
		SolutionGuid = {091BF139-EF93-4D56-93AE-01FA81FB248F}
	EndGlobalSection
EndGlobal
