
Microsoft Visual Studio Solution File, Format Version 12.00
# Visual Studio Version 17
VisualStudioVersion = 17.10.35027.167
MinimumVisualStudioVersion = 10.0.40219.1
Project("{FAE04EC0-301F-11D3-BF4B-00C04F79EFBC}") = "WebcamApp", "WebcamApp.csproj", "{28A86D75-4000-4A15-96BE-ACFA66A0C78B}"
EndProject
Global
	GlobalSection(SolutionConfigurationPlatforms) = preSolution
		Debug|Any CPU = Debug|Any CPU
		Release|Any CPU = Release|Any CPU
	EndGlobalSection
	GlobalSection(ProjectConfigurationPlatforms) = postSolution
		{28A86D75-4000-4A15-96BE-ACFA66A0C78B}.Debug|Any CPU.ActiveCfg = Debug|Any CPU
		{28A86D75-4000-4A15-96BE-ACFA66A0C78B}.Debug|Any CPU.Build.0 = Debug|Any CPU
		{28A86D75-4000-4A15-96BE-ACFA66A0C78B}.Release|Any CPU.ActiveCfg = Release|Any CPU
		{28A86D75-4000-4A15-96BE-ACFA66A0C78B}.Release|Any CPU.Build.0 = Release|Any CPU
	EndGlobalSection
	GlobalSection(SolutionProperties) = preSolution
		HideSolutionNode = FALSE
	EndGlobalSection
	GlobalSection(ExtensibilityGlobals) = postSolution
		SolutionGuid = {E1D1A25C-BCAA-4F24-9B1C-147B9053190E}
	EndGlobalSection
EndGlobal
