
Microsoft Visual Studio Solution File, Format Version 12.00
# Visual Studio Version 17
VisualStudioVersion = 17.10.35027.167
MinimumVisualStudioVersion = 10.0.40219.1
Project("{FAE04EC0-301F-11D3-BF4B-00C04F79EFBC}") = "Win1", "Win1\Win1.csproj", "{6CF4DB60-A9F3-4E4E-8A3F-0298747886EB}"
EndProject
Global
	GlobalSection(SolutionConfigurationPlatforms) = preSolution
		Debug|Any CPU = Debug|Any CPU
		Release|Any CPU = Release|Any CPU
	EndGlobalSection
	GlobalSection(ProjectConfigurationPlatforms) = postSolution
		{6CF4DB60-A9F3-4E4E-8A3F-0298747886EB}.Debug|Any CPU.ActiveCfg = Debug|Any CPU
		{6CF4DB60-A9F3-4E4E-8A3F-0298747886EB}.Debug|Any CPU.Build.0 = Debug|Any CPU
		{6CF4DB60-A9F3-4E4E-8A3F-0298747886EB}.Release|Any CPU.ActiveCfg = Release|Any CPU
		{6CF4DB60-A9F3-4E4E-8A3F-0298747886EB}.Release|Any CPU.Build.0 = Release|Any CPU
	EndGlobalSection
	GlobalSection(SolutionProperties) = preSolution
		HideSolutionNode = FALSE
	EndGlobalSection
	GlobalSection(ExtensibilityGlobals) = postSolution
		SolutionGuid = {A198A44F-1073-4079-A52C-C6B13F559540}
	EndGlobalSection
EndGlobal
