
Microsoft Visual Studio Solution File, Format Version 12.00
# Visual Studio Version 17
VisualStudioVersion = 17.10.35027.167
MinimumVisualStudioVersion = 10.0.40219.1
Project("{FAE04EC0-301F-11D3-BF4B-00C04F79EFBC}") = "ArrayEnum", "ArrayEnum.csproj", "{3702ED0A-5CA3-45C7-8028-E2FA142CEEA0}"
EndProject
Global
	GlobalSection(SolutionConfigurationPlatforms) = preSolution
		Debug|Any CPU = Debug|Any CPU
		Release|Any CPU = Release|Any CPU
	EndGlobalSection
	GlobalSection(ProjectConfigurationPlatforms) = postSolution
		{3702ED0A-5CA3-45C7-8028-E2FA142CEEA0}.Debug|Any CPU.ActiveCfg = Debug|Any CPU
		{3702ED0A-5CA3-45C7-8028-E2FA142CEEA0}.Debug|Any CPU.Build.0 = Debug|Any CPU
		{3702ED0A-5CA3-45C7-8028-E2FA142CEEA0}.Release|Any CPU.ActiveCfg = Release|Any CPU
		{3702ED0A-5CA3-45C7-8028-E2FA142CEEA0}.Release|Any CPU.Build.0 = Release|Any CPU
	EndGlobalSection
	GlobalSection(SolutionProperties) = preSolution
		HideSolutionNode = FALSE
	EndGlobalSection
	GlobalSection(ExtensibilityGlobals) = postSolution
		SolutionGuid = {F1832346-7B54-40BB-BCE1-2B5FCB80482F}
	EndGlobalSection
EndGlobal
