
Microsoft Visual Studio Solution File, Format Version 12.00
# Visual Studio Version 17
VisualStudioVersion = 17.10.35027.167
MinimumVisualStudioVersion = 10.0.40219.1
Project("{FAE04EC0-301F-11D3-BF4B-00C04F79EFBC}") = "FileDownloader", "FileDownloader.csproj", "{919137C1-B51E-4586-B0BD-0FBDE7856288}"
EndProject
Global
	GlobalSection(SolutionConfigurationPlatforms) = preSolution
		Debug|Any CPU = Debug|Any CPU
		Release|Any CPU = Release|Any CPU
	EndGlobalSection
	GlobalSection(ProjectConfigurationPlatforms) = postSolution
		{919137C1-B51E-4586-B0BD-0FBDE7856288}.Debug|Any CPU.ActiveCfg = Debug|Any CPU
		{919137C1-B51E-4586-B0BD-0FBDE7856288}.Debug|Any CPU.Build.0 = Debug|Any CPU
		{919137C1-B51E-4586-B0BD-0FBDE7856288}.Release|Any CPU.ActiveCfg = Release|Any CPU
		{919137C1-B51E-4586-B0BD-0FBDE7856288}.Release|Any CPU.Build.0 = Release|Any CPU
	EndGlobalSection
	GlobalSection(SolutionProperties) = preSolution
		HideSolutionNode = FALSE
	EndGlobalSection
	GlobalSection(ExtensibilityGlobals) = postSolution
		SolutionGuid = {EF4ED22C-8CD5-4C2C-AB45-8B41F08DF2C6}
	EndGlobalSection
EndGlobal
