
Microsoft Visual Studio Solution File, Format Version 12.00
# Visual Studio Version 17
VisualStudioVersion = 17.10.35027.167
MinimumVisualStudioVersion = 10.0.40219.1
Project("{FAE04EC0-301F-11D3-BF4B-00C04F79EFBC}") = "University", "University.csproj", "{ADD59FF2-E535-4F6A-982B-7CEC204164CC}"
EndProject
Global
	GlobalSection(SolutionConfigurationPlatforms) = preSolution
		Debug|Any CPU = Debug|Any CPU
		Release|Any CPU = Release|Any CPU
	EndGlobalSection
	GlobalSection(ProjectConfigurationPlatforms) = postSolution
		{ADD59FF2-E535-4F6A-982B-7CEC204164CC}.Debug|Any CPU.ActiveCfg = Debug|Any CPU
		{ADD59FF2-E535-4F6A-982B-7CEC204164CC}.Debug|Any CPU.Build.0 = Debug|Any CPU
		{ADD59FF2-E535-4F6A-982B-7CEC204164CC}.Release|Any CPU.ActiveCfg = Release|Any CPU
		{ADD59FF2-E535-4F6A-982B-7CEC204164CC}.Release|Any CPU.Build.0 = Release|Any CPU
	EndGlobalSection
	GlobalSection(SolutionProperties) = preSolution
		HideSolutionNode = FALSE
	EndGlobalSection
	GlobalSection(ExtensibilityGlobals) = postSolution
		SolutionGuid = {6AF2359F-61CD-4A3C-B14A-1E1DD770E146}
	EndGlobalSection
EndGlobal
