
Microsoft Visual Studio Solution File, Format Version 12.00
# Visual Studio Version 17
VisualStudioVersion = 17.10.35027.167
MinimumVisualStudioVersion = 10.0.40219.1
Project("{FAE04EC0-301F-11D3-BF4B-00C04F79EFBC}") = "CA2", "CA2.csproj", "{72B62A35-8637-4E02-8736-D5447FB47B99}"
EndProject
Global
	GlobalSection(SolutionConfigurationPlatforms) = preSolution
		Debug|Any CPU = Debug|Any CPU
		Release|Any CPU = Release|Any CPU
	EndGlobalSection
	GlobalSection(ProjectConfigurationPlatforms) = postSolution
		{72B62A35-8637-4E02-8736-D5447FB47B99}.Debug|Any CPU.ActiveCfg = Debug|Any CPU
		{72B62A35-8637-4E02-8736-D5447FB47B99}.Debug|Any CPU.Build.0 = Debug|Any CPU
		{72B62A35-8637-4E02-8736-D5447FB47B99}.Release|Any CPU.ActiveCfg = Release|Any CPU
		{72B62A35-8637-4E02-8736-D5447FB47B99}.Release|Any CPU.Build.0 = Release|Any CPU
	EndGlobalSection
	GlobalSection(SolutionProperties) = preSolution
		HideSolutionNode = FALSE
	EndGlobalSection
	GlobalSection(ExtensibilityGlobals) = postSolution
		SolutionGuid = {E5305FAB-F02C-4E80-8069-4D1F9762BC7F}
	EndGlobalSection
EndGlobal
